{
  "name": "@harmony/scenery",
  "version": "0.1.0",
  "lockfileVersion": 3,
  "requires": true,
  "packages": {
    "": {
      "name": "@harmony/scenery",
      "version": "0.1.0",
      "hasInstallScript": true,
      "license": "UNLICENSED",
      "dependencies": {
        "@harmony/schema": "file:../schema",
        "@minisheep/mini-program-polyfill-core": "^1.1.4",
        "@minisheep/three-platform-adapter": "^2.0.1",
        "cannon-es": "^0.20.0",
        "three": "^0.172.0",
        "three-mesh-bvh": "^0.9.1"
      },
      "devDependencies": {
        "@minisheep/three-platform-adapter": "^2.0.1"
      }
    },
    "../schema": {
      "name": "@harmony/schema",
      "version": "0.1.0",
      "dependencies": {
        "cannon-es": "^0.20.0",
        "fflate": "^0.8.2",
        "polygon-clipping": "^0.15.7",
        "three": "^0.172.0",
        "three-mesh-bvh": "^0.9.1"
      },
      "devDependencies": {
        "@types/three": "^0.171.0",
        "typescript": "^5.4.5"
      }
    },
    "node_modules/@harmony/schema": {
      "resolved": "../schema",
      "link": true
    },
    "node_modules/@minisheep/mini-program-polyfill-core": {
      "version": "1.1.5",
      "resolved": "https://npm.minisheep.cn/@minisheep/mini-program-polyfill-core/-/mini-program-polyfill-core-1.1.5.tgz",
      "integrity": "sha512-YSK7dZ55IG0XG5QTbIh1/FhkmaqP4sAHHDT+r9ETn5UJeRzpQrIvogeq/3DaX594LJb3GK5Cj+nwhU1pYYUfRw==",
      "license": "Commercial License (Non-transferable, for use by authorized users only)",
      "dependencies": {
        "@xmldom/xmldom": "^0.9.0",
        "event-target-shim": ">=6.0.0",
        "type-fest": "^4.26.1",
        "web-streams-polyfill": ">=4.0.0"
      }
    },
    "node_modules/@minisheep/three-platform-adapter": {
      "version": "2.0.4",
      "resolved": "https://npm.minisheep.cn/@minisheep/three-platform-adapter/-/three-platform-adapter-2.0.4.tgz",
      "integrity": "sha512-0usFS25O1of3h0Ym7zXs23gFTu3qMx60zb1ZGXbs+E7tR3yjeWGKX4mjvDgXJxOpsxkws2tc82Id2pYnEG0zrg==",
      "dev": true,
      "license": "Commercial License (Non-transferable, for use by authorized users only)",
      "dependencies": {
        "@minisheep/mini-program-polyfill-core": "*"
      },
      "peerDependencies": {
        "@minisheep/mini-program-polyfill-core": "*",
        "minigame-api-typings": "*",
        "miniprogram-api-typings": "*",
        "three": ">= 0.151.0",
        "three-stdlib": ">=2.30.0"
      },
      "peerDependenciesMeta": {
        "minigame-api-typings": {
          "optional": true
        },
        "miniprogram-api-typings": {
          "optional": true
        },
        "three-stdlib": {
          "optional": true
        }
      }
    },
    "node_modules/@xmldom/xmldom": {
      "version": "0.9.8",
      "resolved": "https://registry.npmmirror.com/@xmldom/xmldom/-/xmldom-0.9.8.tgz",
      "integrity": "sha512-p96FSY54r+WJ50FIOsCOjyj/wavs8921hG5+kVMmZgKcvIKxMXHTrjNJvRgWa/zuX3B6t2lijLNFaOyuxUH+2A==",
      "license": "MIT",
      "engines": {
        "node": ">=14.6"
      }
    },
    "node_modules/cannon-es": {
      "version": "0.20.0",
      "resolved": "https://registry.npmmirror.com/cannon-es/-/cannon-es-0.20.0.tgz",
      "integrity": "sha512-eZhWTZIkFOnMAJOgfXJa9+b3kVlvG+FX4mdkpePev/w/rP5V8NRquGyEozcjPfEoXUlb+p7d9SUcmDSn14prOA==",
      "license": "MIT"
    },
    "node_modules/event-target-shim": {
      "version": "6.0.2",
      "resolved": "https://registry.npmmirror.com/event-target-shim/-/event-target-shim-6.0.2.tgz",
      "integrity": "sha512-8q3LsZjRezbFZ2PN+uP+Q7pnHUMmAOziU2vA2OwoFaKIXxlxl38IylhSSgUorWu/rf4er67w0ikBqjBFk/pomA==",
      "license": "MIT",
      "engines": {
        "node": ">=10.13.0"
      },
      "funding": {
        "url": "https://github.com/sponsors/mysticatea"
      }
    },
    "node_modules/three": {
      "version": "0.172.0",
      "resolved": "https://registry.npmmirror.com/three/-/three-0.172.0.tgz",
      "integrity": "sha512-6HMgMlzU97MsV7D/tY8Va38b83kz8YJX+BefKjspMNAv0Vx6dxMogHOrnRl/sbMIs3BPUKijPqDqJ/+UwJbIow==",
      "license": "MIT"
    },
    "node_modules/three-mesh-bvh": {
      "version": "0.9.8",
      "resolved": "https://registry.npmmirror.com/three-mesh-bvh/-/three-mesh-bvh-0.9.8.tgz",
      "integrity": "sha512-YphYvdXEZSXdz6iNdWJo1RB6qvSCRyiXPEVSvNU6xVWbLDOdSrfEIsJOpgFOnefdmVEvZ6M+sY0cjh9gl7MvdA==",
      "license": "MIT",
      "peerDependencies": {
        "three": ">= 0.159.0"
      }
    },
    "node_modules/type-fest": {
      "version": "4.41.0",
      "resolved": "https://registry.npmmirror.com/type-fest/-/type-fest-4.41.0.tgz",
      "integrity": "sha512-TeTSQ6H5YHvpqVwBRcnLDCBnDOHWYu7IvGbHT6N8AOymcr9PJGjc1GTtiWZTYg0NCgYwvnYWEkVChQAr9bjfwA==",
      "license": "(MIT OR CC0-1.0)",
      "engines": {
        "node": ">=16"
      },
      "funding": {
        "url": "https://github.com/sponsors/sindresorhus"
      }
    },
    "node_modules/web-streams-polyfill": {
      "version": "4.2.0",
      "resolved": "https://registry.npmmirror.com/web-streams-polyfill/-/web-streams-polyfill-4.2.0.tgz",
      "integrity": "sha512-0rYDzGOh9EZpig92umN5g5D/9A1Kff7k0/mzPSSCY8jEQeYkgRMoY7LhbXtUCWzLCMX0TUE9aoHkjFNB7D9pfA==",
      "license": "MIT",
      "workspaces": [
        "test/benchmark-test",
        "test/rollup-test",
        "test/webpack-test"
      ],
      "engines": {
        "node": ">= 8"
      }
    }
  }
}
