{
  "name": "@harmony/schema",
  "version": "0.1.0",
  "lockfileVersion": 3,
  "requires": true,
  "packages": {
    "": {
      "name": "@harmony/schema",
      "version": "0.1.0",
      "dependencies": {
        "cannon-es": "^0.20.0",
        "three": "^0.172.0"
      },
      "devDependencies": {
        "typescript": "^5.4.5"
      }
    },
    "node_modules/cannon-es": {
      "version": "0.20.0",
      "resolved": "https://registry.npmjs.org/cannon-es/-/cannon-es-0.20.0.tgz",
      "integrity": "sha512-eZhWTZIkFOnMAJOgfXJa9+b3kVlvG+FX4mdkpePev/w/rP5V8NRquGyEozcjPfEoXUlb+p7d9SUcmDSn14prOA==",
      "license": "MIT"
    },
    "node_modules/three": {
      "version": "0.172.0",
      "resolved": "https://registry.npmjs.org/three/-/three-0.172.0.tgz",
      "integrity": "sha512-6HMgMlzU97MsV7D/tY8Va38b83kz8YJX+BefKjspMNAv0Vx6dxMogHOrnRl/sbMIs3BPUKijPqDqJ/+UwJbIow==",
      "license": "MIT"
    },
    "node_modules/typescript": {
      "version": "5.9.3",
      "resolved": "https://registry.npmjs.org/typescript/-/typescript-5.9.3.tgz",
      "integrity": "sha512-jl1vZzPDinLr9eUt3J/t7V6FgNEw9QjvBPdysz9KfQDD41fQrC2Y4vKQdiaUpFT4bXlb1RHhLpp8wtm6M5TgSw==",
      "dev": true,
      "license": "Apache-2.0",
      "bin": {
        "tsc": "bin/tsc",
        "tsserver": "bin/tsserver"
      },
      "engines": {
        "node": ">=14.17"
      }
    }
  }
}
